
Microsoft Visual Studio Solution File, Format Version 12.00
# Visual Studio Version 16
VisualStudioVersion = 16.0.31112.23
MinimumVisualStudioVersion = 10.0.40219.1
Project("{FAE04EC0-301F-11D3-BF4B-00C04F79EFBC}") = "Yacht_Yard", "Yacht_Yard\Yacht_Yard.csproj", "{87DB0151-5F83-4536-A2A6-202B25B2AEA2}"
EndProject
Global
	GlobalSection(SolutionConfigurationPlatforms) = preSolution
		Debug|Any CPU = Debug|Any CPU
		Release|Any CPU = Release|Any CPU
	EndGlobalSection
	GlobalSection(ProjectConfigurationPlatforms) = postSolution
		{87DB0151-5F83-4536-A2A6-202B25B2AEA2}.Debug|Any CPU.ActiveCfg = Debug|Any CPU
		{87DB0151-5F83-4536-A2A6-202B25B2AEA2}.Debug|Any CPU.Build.0 = Debug|Any CPU
		{87DB0151-5F83-4536-A2A6-202B25B2AEA2}.Release|Any CPU.ActiveCfg = Release|Any CPU
		{87DB0151-5F83-4536-A2A6-202B25B2AEA2}.Release|Any CPU.Build.0 = Release|Any CPU
	EndGlobalSection
	GlobalSection(SolutionProperties) = preSolution
		HideSolutionNode = FALSE
	EndGlobalSection
	GlobalSection(ExtensibilityGlobals) = postSolution
		SolutionGuid = {363C620E-6687-4B75-A26E-C493D7964E74}
	EndGlobalSection
EndGlobal
